<?xml version="1.0" encoding="utf-8"?>
<Project ToolsVersion="4.0" xmlns="http://schemas.microsoft.com/developer/msbuild/2003">
  <ItemGroup>
    <Filter Include="Source Files">
      <UniqueIdentifier>{4FC737F1-C7A5-4376-A066-2A32D752A2FF}</UniqueIdentifier>
      <Extensions>cpp;c;cc;cxx;def;odl;idl;hpj;bat;asm;asmx</Extensions>
    </Filter>
    <Filter Include="Header Files">
      <UniqueIdentifier>{93995380-89BD-4b04-88EB-625FBE52EBFB}</UniqueIdentifier>
      <Extensions>h;hh;hpp;hxx;hm;inl;inc;xsd</Extensions>
    </Filter>
    <Filter Include="Resource Files">
      <UniqueIdentifier>{67DA6AB6-F800-4c08-8B7A-83BB121AAD01}</UniqueIdentifier>
      <Extensions>rc;ico;cur;bmp;dlg;rc2;rct;bin;rgs;gif;jpg;jpeg;jpe;resx;tiff;tif;png;wav;mfcribbon-ms</Extensions>
    </Filter>
    <Filter Include="Header Files\framework">
      <UniqueIdentifier>{0d334c4f-5759-415f-9283-1ad3401e6a02}</UniqueIdentifier>
    </Filter>
    <Filter Include="Source Files\framework">
      <UniqueIdentifier>{ec41506f-6fca-4650-bd2f-232d06232251}</UniqueIdentifier>
    </Filter>
    <Filter Include="Header Files\framework\impl">
      <UniqueIdentifier>{d152245a-3bb7-49fa-a7ff-30c6e765c9b9}</UniqueIdentifier>
    </Filter>
    <Filter Include="Header Files\RV">
      <UniqueIdentifier>{1ceb008b-6e69-4f96-be98-0d82754ca69d}</UniqueIdentifier>
    </Filter>
    <Filter Include="Source Files\RV">
      <UniqueIdentifier>{e3ca76b0-d348-44ca-a7f3-6cc82e17e62b}</UniqueIdentifier>
    </Filter>
    <Filter Include="Source Files\framework\impl">
      <UniqueIdentifier>{89508bda-cfa9-4b67-994a-f5174b9301fd}</UniqueIdentifier>
    </Filter>
  </ItemGroup>
  <ItemGroup>
    <Text Include="ReadMe.txt" />
  </ItemGroup>
  <ItemGroup>
    <ClInclude Include="stdafx.h">
      <Filter>Header Files</Filter>
    </ClInclude>
    <ClInclude Include="math.h">
      <Filter>Header Files\framework</Filter>
    </ClInclude>
    <ClInclude Include="abstractdraw.h">
      <Filter>Header Files\framework</Filter>
    </ClInclude>
    <ClInclude Include="signature.h">
      <Filter>Header Files\framework</Filter>
    </ClInclude>
    <ClInclude Include="util.h">
      <Filter>Header Files\framework</Filter>
    </ClInclude>
    <ClInclude Include="RVBootstrap.h">
      <Filter>Header Files\RV</Filter>
    </ClInclude>
    <ClInclude Include="game.h">
      <Filter>Header Files\RV</Filter>
    </ClInclude>
    <ClInclude Include="d9draw.h">
      <Filter>Header Files\framework\impl</Filter>
    </ClInclude>
    <ClInclude Include="d11draw.h">
      <Filter>Header Files\framework\impl</Filter>
    </ClInclude>
    <ClInclude Include="FonzHook.h">
      <Filter>Header Files</Filter>
    </ClInclude>
    <ClInclude Include="FonzUtilities.hpp">
      <Filter>Header Files</Filter>
    </ClInclude>
  </ItemGroup>
  <ItemGroup>
    <ClCompile Include="stdafx.cpp">
      <Filter>Source Files</Filter>
    </ClCompile>
    <ClCompile Include="dllmain.cpp">
      <Filter>Source Files</Filter>
    </ClCompile>
    <ClCompile Include="signature.cpp">
      <Filter>Source Files\framework</Filter>
    </ClCompile>
    <ClCompile Include="util.cpp">
      <Filter>Source Files\framework</Filter>
    </ClCompile>
    <ClCompile Include="FonzUtilities.cpp">
      <Filter>Source Files</Filter>
    </ClCompile>
    <ClCompile Include="FonzHook.cpp">
      <Filter>Source Files</Filter>
    </ClCompile>
    <ClCompile Include="RVBootstrap.cpp">
      <Filter>Source Files\RV</Filter>
    </ClCompile>
    <ClCompile Include="game.cpp">
      <Filter>Source Files\RV</Filter>
    </ClCompile>
    <ClCompile Include="d9draw.cpp">
      <Filter>Source Files\framework\impl</Filter>
    </ClCompile>
  </ItemGroup>
</Project>